// !$*UTF8*$!
{
	archiveVersion = 1;
	classes = {
	};
	objectVersion = 46;
	objects = {

/* Begin PBXBuildFile section */
		811CE7B314834A8800DAFE84 /* UIKit.framework in Frameworks */ = {isa = PBXBuildFile; fileRef = 811CE7B214834A8800DAFE84 /* UIKit.framework */; };
		811CE7B514834A8800DAFE84 /* Foundation.framework in Frameworks */ = {isa = PBXBuildFile; fileRef = 811CE7B414834A8800DAFE84 /* Foundation.framework */; };
		811CE7B714834A8800DAFE84 /* CoreGraphics.framework in Frameworks */ = {isa = PBXBuildFile; fileRef = 811CE7B614834A8800DAFE84 /* CoreGraphics.framework */; };
		811CE7BD14834A8800DAFE84 /* InfoPlist.strings in Resources */ = {isa = PBXBuildFile; fileRef = 811CE7BB14834A8800DAFE84 /* InfoPlist.strings */; };
		811CE7BF14834A8800DAFE84 /* main.m in Sources */ = {isa = PBXBuildFile; fileRef = 811CE7BE14834A8800DAFE84 /* main.m */; };
		811CE7C314834A8800DAFE84 /* AppDelegate.m in Sources */ = {isa = PBXBuildFile; fileRef = 811CE7C214834A8800DAFE84 /* AppDelegate.m */; };
		811CE7C614834A8800DAFE84 /* MainStoryboard.storyboard in Resources */ = {isa = PBXBuildFile; fileRef = 811CE7C414834A8800DAFE84 /* MainStoryboard.storyboard */; };
		811CE7C914834A8800DAFE84 /* MainViewController.m in Sources */ = {isa = PBXBuildFile; fileRef = 811CE7C814834A8800DAFE84 /* MainViewController.m */; };
		811CE7D114834A8900DAFE84 /* SenTestingKit.framework in Frameworks */ = {isa = PBXBuildFile; fileRef = 811CE7D014834A8900DAFE84 /* SenTestingKit.framework */; };
		811CE7D214834A8900DAFE84 /* UIKit.framework in Frameworks */ = {isa = PBXBuildFile; fileRef = 811CE7B214834A8800DAFE84 /* UIKit.framework */; };
		811CE7D314834A8900DAFE84 /* Foundation.framework in Frameworks */ = {isa = PBXBuildFile; fileRef = 811CE7B414834A8800DAFE84 /* Foundation.framework */; };
		811CE7DB14834A8900DAFE84 /* InfoPlist.strings in Resources */ = {isa = PBXBuildFile; fileRef = 811CE7D914834A8900DAFE84 /* InfoPlist.strings */; };
		811CE7DE14834A8900DAFE84 /* ATkegTests.m in Sources */ = {isa = PBXBuildFile; fileRef = 811CE7DD14834A8900DAFE84 /* ATkegTests.m */; };
		811CE7E8148351A400DAFE84 /* beer.jpg in Resources */ = {isa = PBXBuildFile; fileRef = 811CE7E7148351A400DAFE84 /* beer.jpg */; };
		81261A5D1493D0310025C443 /* beer_icon.png in Resources */ = {isa = PBXBuildFile; fileRef = 81261A5C1493D0310025C443 /* beer_icon.png */; };
		81261A631493D1BD0025C443 /* Default-Landscape~ipad.png in Resources */ = {isa = PBXBuildFile; fileRef = 81261A5F1493D10E0025C443 /* Default-Landscape~ipad.png */; };
		81261A641493D1C30025C443 /* Default-Portrait~ipad.png in Resources */ = {isa = PBXBuildFile; fileRef = 81261A611493D1100025C443 /* Default-Portrait~ipad.png */; };
		816EC62615573FAF00802A32 /* NSObject+SBJson.m in Sources */ = {isa = PBXBuildFile; fileRef = 816EC60A15573FAF00802A32 /* NSObject+SBJson.m */; };
		816EC62715573FAF00802A32 /* SBJsonParser.m in Sources */ = {isa = PBXBuildFile; fileRef = 816EC60D15573FAF00802A32 /* SBJsonParser.m */; };
		816EC62815573FAF00802A32 /* SBJsonStreamParser.m in Sources */ = {isa = PBXBuildFile; fileRef = 816EC60F15573FAF00802A32 /* SBJsonStreamParser.m */; };
		816EC62915573FAF00802A32 /* SBJsonStreamParserAccumulator.m in Sources */ = {isa = PBXBuildFile; fileRef = 816EC61115573FAF00802A32 /* SBJsonStreamParserAccumulator.m */; };
		816EC62A15573FAF00802A32 /* SBJsonStreamParserAdapter.m in Sources */ = {isa = PBXBuildFile; fileRef = 816EC61315573FAF00802A32 /* SBJsonStreamParserAdapter.m */; };
		816EC62B15573FAF00802A32 /* SBJsonStreamParserState.m in Sources */ = {isa = PBXBuildFile; fileRef = 816EC61515573FAF00802A32 /* SBJsonStreamParserState.m */; };
		816EC62C15573FAF00802A32 /* SBJsonStreamWriter.m in Sources */ = {isa = PBXBuildFile; fileRef = 816EC61715573FAF00802A32 /* SBJsonStreamWriter.m */; };
		816EC62D15573FAF00802A32 /* SBJsonStreamWriterAccumulator.m in Sources */ = {isa = PBXBuildFile; fileRef = 816EC61915573FAF00802A32 /* SBJsonStreamWriterAccumulator.m */; };
		816EC62E15573FAF00802A32 /* SBJsonStreamWriterState.m in Sources */ = {isa = PBXBuildFile; fileRef = 816EC61B15573FAF00802A32 /* SBJsonStreamWriterState.m */; };
		816EC62F15573FAF00802A32 /* SBJsonTokeniser.m in Sources */ = {isa = PBXBuildFile; fileRef = 816EC61D15573FAF00802A32 /* SBJsonTokeniser.m */; };
		816EC63015573FAF00802A32 /* SBJsonUTF8Stream.m in Sources */ = {isa = PBXBuildFile; fileRef = 816EC61F15573FAF00802A32 /* SBJsonUTF8Stream.m */; };
		816EC63115573FAF00802A32 /* SBJsonWriter.m in Sources */ = {isa = PBXBuildFile; fileRef = 816EC62115573FAF00802A32 /* SBJsonWriter.m */; };
		816EC63215573FAF00802A32 /* README.md in Resources */ = {isa = PBXBuildFile; fileRef = 816EC62315573FAF00802A32 /* README.md */; };
		816EC63315573FAF00802A32 /* SMWebRequest.m in Sources */ = {isa = PBXBuildFile; fileRef = 816EC62515573FAF00802A32 /* SMWebRequest.m */; settings = {COMPILER_FLAGS = "-fno-objc-arc"; }; };
		81A7C92215570D2600CCBA85 /* Local_Texture__Three_by_One_by_Beyond_Oddities.jpg in Resources */ = {isa = PBXBuildFile; fileRef = 81A7C92115570D2600CCBA85 /* Local_Texture__Three_by_One_by_Beyond_Oddities.jpg */; };
		81A7C92715570E0D00CCBA85 /* keg.png in Resources */ = {isa = PBXBuildFile; fileRef = 81A7C92615570E0D00CCBA85 /* keg.png */; };
		81A7C92A15570EF900CCBA85 /* dalespaleale.jpg in Resources */ = {isa = PBXBuildFile; fileRef = 81A7C92815570EF900CCBA85 /* dalespaleale.jpg */; };
		81A7C92B15570EF900CCBA85 /* tbr-london-pride.jpg in Resources */ = {isa = PBXBuildFile; fileRef = 81A7C92915570EF900CCBA85 /* tbr-london-pride.jpg */; };
		81A7C92D155710F400CCBA85 /* thermometer.jpg in Resources */ = {isa = PBXBuildFile; fileRef = 81A7C92C155710F400CCBA85 /* thermometer.jpg */; };
		81D1C6361569EC73002134DD /* TempLeftPopupViewController.m in Sources */ = {isa = PBXBuildFile; fileRef = 81D1C6351569EC73002134DD /* TempLeftPopupViewController.m */; };
		81D1C6391569ED29002134DD /* TempRightPopupViewController.m in Sources */ = {isa = PBXBuildFile; fileRef = 81D1C6381569ED29002134DD /* TempRightPopupViewController.m */; };
		81D1C63C1569F125002134DD /* AdminPageViewController.m in Sources */ = {isa = PBXBuildFile; fileRef = 81D1C63B1569F125002134DD /* AdminPageViewController.m */; };
		81F42EE71557162A00A8ACC2 /* note_paper.gif in Resources */ = {isa = PBXBuildFile; fileRef = 81F42EE61557162A00A8ACC2 /* note_paper.gif */; };
/* End PBXBuildFile section */

/* Begin PBXContainerItemProxy section */
		811CE7D414834A8900DAFE84 /* PBXContainerItemProxy */ = {
			isa = PBXContainerItemProxy;
			containerPortal = 811CE7A514834A8800DAFE84 /* Project object */;
			proxyType = 1;
			remoteGlobalIDString = 811CE7AD14834A8800DAFE84;
			remoteInfo = ATkeg;
		};
/* End PBXContainerItemProxy section */

/* Begin PBXFileReference section */
		811CE7AE14834A8800DAFE84 /* ATkeg.app */ = {isa = PBXFileReference; explicitFileType = wrapper.application; includeInIndex = 0; path = ATkeg.app; sourceTree = BUILT_PRODUCTS_DIR; };
		811CE7B214834A8800DAFE84 /* UIKit.framework */ = {isa = PBXFileReference; lastKnownFileType = wrapper.framework; name = UIKit.framework; path = System/Library/Frameworks/UIKit.framework; sourceTree = SDKROOT; };
		811CE7B414834A8800DAFE84 /* Foundation.framework */ = {isa = PBXFileReference; lastKnownFileType = wrapper.framework; name = Foundation.framework; path = System/Library/Frameworks/Foundation.framework; sourceTree = SDKROOT; };
		811CE7B614834A8800DAFE84 /* CoreGraphics.framework */ = {isa = PBXFileReference; lastKnownFileType = wrapper.framework; name = CoreGraphics.framework; path = System/Library/Frameworks/CoreGraphics.framework; sourceTree = SDKROOT; };
		811CE7BA14834A8800DAFE84 /* ATkeg-Info.plist */ = {isa = PBXFileReference; lastKnownFileType = text.plist.xml; path = "ATkeg-Info.plist"; sourceTree = "<group>"; };
		811CE7BC14834A8800DAFE84 /* en */ = {isa = PBXFileReference; lastKnownFileType = text.plist.strings; name = en; path = en.lproj/InfoPlist.strings; sourceTree = "<group>"; };
		811CE7BE14834A8800DAFE84 /* main.m */ = {isa = PBXFileReference; lastKnownFileType = sourcecode.c.objc; path = main.m; sourceTree = "<group>"; };
		811CE7C014834A8800DAFE84 /* ATkeg-Prefix.pch */ = {isa = PBXFileReference; lastKnownFileType = sourcecode.c.h; path = "ATkeg-Prefix.pch"; sourceTree = "<group>"; };
		811CE7C114834A8800DAFE84 /* AppDelegate.h */ = {isa = PBXFileReference; lastKnownFileType = sourcecode.c.h; path = AppDelegate.h; sourceTree = "<group>"; };
		811CE7C214834A8800DAFE84 /* AppDelegate.m */ = {isa = PBXFileReference; lastKnownFileType = sourcecode.c.objc; path = AppDelegate.m; sourceTree = "<group>"; };
		811CE7C514834A8800DAFE84 /* en */ = {isa = PBXFileReference; lastKnownFileType = file.storyboard; name = en; path = en.lproj/MainStoryboard.storyboard; sourceTree = "<group>"; };
		811CE7C714834A8800DAFE84 /* MainViewController.h */ = {isa = PBXFileReference; lastKnownFileType = sourcecode.c.h; path = MainViewController.h; sourceTree = "<group>"; };
		811CE7C814834A8800DAFE84 /* MainViewController.m */ = {isa = PBXFileReference; lastKnownFileType = sourcecode.c.objc; path = MainViewController.m; sourceTree = "<group>"; };
		811CE7CF14834A8900DAFE84 /* ATkegTests.octest */ = {isa = PBXFileReference; explicitFileType = wrapper.cfbundle; includeInIndex = 0; path = ATkegTests.octest; sourceTree = BUILT_PRODUCTS_DIR; };
		811CE7D014834A8900DAFE84 /* SenTestingKit.framework */ = {isa = PBXFileReference; lastKnownFileType = wrapper.framework; name = SenTestingKit.framework; path = Library/Frameworks/SenTestingKit.framework; sourceTree = DEVELOPER_DIR; };
		811CE7D814834A8900DAFE84 /* ATkegTests-Info.plist */ = {isa = PBXFileReference; lastKnownFileType = text.plist.xml; path = "ATkegTests-Info.plist"; sourceTree = "<group>"; };
		811CE7DA14834A8900DAFE84 /* en */ = {isa = PBXFileReference; lastKnownFileType = text.plist.strings; name = en; path = en.lproj/InfoPlist.strings; sourceTree = "<group>"; };
		811CE7DC14834A8900DAFE84 /* ATkegTests.h */ = {isa = PBXFileReference; lastKnownFileType = sourcecode.c.h; path = ATkegTests.h; sourceTree = "<group>"; };
		811CE7DD14834A8900DAFE84 /* ATkegTests.m */ = {isa = PBXFileReference; lastKnownFileType = sourcecode.c.objc; path = ATkegTests.m; sourceTree = "<group>"; };
		811CE7E7148351A400DAFE84 /* beer.jpg */ = {isa = PBXFileReference; lastKnownFileType = image.jpeg; name = beer.jpg; path = ../beer.jpg; sourceTree = "<group>"; };
		81261A5C1493D0310025C443 /* beer_icon.png */ = {isa = PBXFileReference; lastKnownFileType = image.png; name = beer_icon.png; path = ../beer_icon.png; sourceTree = "<group>"; };
		81261A5F1493D10E0025C443 /* Default-Landscape~ipad.png */ = {isa = PBXFileReference; lastKnownFileType = image.png; name = "Default-Landscape~ipad.png"; path = "../Default-Landscape~ipad.png"; sourceTree = "<group>"; };
		81261A611493D1100025C443 /* Default-Portrait~ipad.png */ = {isa = PBXFileReference; lastKnownFileType = image.png; name = "Default-Portrait~ipad.png"; path = "../Default-Portrait~ipad.png"; sourceTree = "<group>"; };
		816EC60915573FAF00802A32 /* NSObject+SBJson.h */ = {isa = PBXFileReference; fileEncoding = 4; lastKnownFileType = sourcecode.c.h; path = "NSObject+SBJson.h"; sourceTree = "<group>"; };
		816EC60A15573FAF00802A32 /* NSObject+SBJson.m */ = {isa = PBXFileReference; fileEncoding = 4; lastKnownFileType = sourcecode.c.objc; path = "NSObject+SBJson.m"; sourceTree = "<group>"; };
		816EC60B15573FAF00802A32 /* SBJson.h */ = {isa = PBXFileReference; fileEncoding = 4; lastKnownFileType = sourcecode.c.h; path = SBJson.h; sourceTree = "<group>"; };
		816EC60C15573FAF00802A32 /* SBJsonParser.h */ = {isa = PBXFileReference; fileEncoding = 4; lastKnownFileType = sourcecode.c.h; path = SBJsonParser.h; sourceTree = "<group>"; };
		816EC60D15573FAF00802A32 /* SBJsonParser.m */ = {isa = PBXFileReference; fileEncoding = 4; lastKnownFileType = sourcecode.c.objc; path = SBJsonParser.m; sourceTree = "<group>"; };
		816EC60E15573FAF00802A32 /* SBJsonStreamParser.h */ = {isa = PBXFileReference; fileEncoding = 4; lastKnownFileType = sourcecode.c.h; path = SBJsonStreamParser.h; sourceTree = "<group>"; };
		816EC60F15573FAF00802A32 /* SBJsonStreamParser.m */ = {isa = PBXFileReference; fileEncoding = 4; lastKnownFileType = sourcecode.c.objc; path = SBJsonStreamParser.m; sourceTree = "<group>"; };
		816EC61015573FAF00802A32 /* SBJsonStreamParserAccumulator.h */ = {isa = PBXFileReference; fileEncoding = 4; lastKnownFileType = sourcecode.c.h; path = SBJsonStreamParserAccumulator.h; sourceTree = "<group>"; };
		816EC61115573FAF00802A32 /* SBJsonStreamParserAccumulator.m */ = {isa = PBXFileReference; fileEncoding = 4; lastKnownFileType = sourcecode.c.objc; path = SBJsonStreamParserAccumulator.m; sourceTree = "<group>"; };
		816EC61215573FAF00802A32 /* SBJsonStreamParserAdapter.h */ = {isa = PBXFileReference; fileEncoding = 4; lastKnownFileType = sourcecode.c.h; path = SBJsonStreamParserAdapter.h; sourceTree = "<group>"; };
		816EC61315573FAF00802A32 /* SBJsonStreamParserAdapter.m */ = {isa = PBXFileReference; fileEncoding = 4; lastKnownFileType = sourcecode.c.objc; path = SBJsonStreamParserAdapter.m; sourceTree = "<group>"; };
		816EC61415573FAF00802A32 /* SBJsonStreamParserState.h */ = {isa = PBXFileReference; fileEncoding = 4; lastKnownFileType = sourcecode.c.h; path = SBJsonStreamParserState.h; sourceTree = "<group>"; };
		816EC61515573FAF00802A32 /* SBJsonStreamParserState.m */ = {isa = PBXFileReference; fileEncoding = 4; lastKnownFileType = sourcecode.c.objc; path = SBJsonStreamParserState.m; sourceTree = "<group>"; };
		816EC61615573FAF00802A32 /* SBJsonStreamWriter.h */ = {isa = PBXFileReference; fileEncoding = 4; lastKnownFileType = sourcecode.c.h; path = SBJsonStreamWriter.h; sourceTree = "<group>"; };
		816EC61715573FAF00802A32 /* SBJsonStreamWriter.m */ = {isa = PBXFileReference; fileEncoding = 4; lastKnownFileType = sourcecode.c.objc; path = SBJsonStreamWriter.m; sourceTree = "<group>"; };
		816EC61815573FAF00802A32 /* SBJsonStreamWriterAccumulator.h */ = {isa = PBXFileReference; fileEncoding = 4; lastKnownFileType = sourcecode.c.h; path = SBJsonStreamWriterAccumulator.h; sourceTree = "<group>"; };
		816EC61915573FAF00802A32 /* SBJsonStreamWriterAccumulator.m */ = {isa = PBXFileReference; fileEncoding = 4; lastKnownFileType = sourcecode.c.objc; path = SBJsonStreamWriterAccumulator.m; sourceTree = "<group>"; };
		816EC61A15573FAF00802A32 /* SBJsonStreamWriterState.h */ = {isa = PBXFileReference; fileEncoding = 4; lastKnownFileType = sourcecode.c.h; path = SBJsonStreamWriterState.h; sourceTree = "<group>"; };
		816EC61B15573FAF00802A32 /* SBJsonStreamWriterState.m */ = {isa = PBXFileReference; fileEncoding = 4; lastKnownFileType = sourcecode.c.objc; path = SBJsonStreamWriterState.m; sourceTree = "<group>"; };
		816EC61C15573FAF00802A32 /* SBJsonTokeniser.h */ = {isa = PBXFileReference; fileEncoding = 4; lastKnownFileType = sourcecode.c.h; path = SBJsonTokeniser.h; sourceTree = "<group>"; };
		816EC61D15573FAF00802A32 /* SBJsonTokeniser.m */ = {isa = PBXFileReference; fileEncoding = 4; lastKnownFileType = sourcecode.c.objc; path = SBJsonTokeniser.m; sourceTree = "<group>"; };
		816EC61E15573FAF00802A32 /* SBJsonUTF8Stream.h */ = {isa = PBXFileReference; fileEncoding = 4; lastKnownFileType = sourcecode.c.h; path = SBJsonUTF8Stream.h; sourceTree = "<group>"; };
		816EC61F15573FAF00802A32 /* SBJsonUTF8Stream.m */ = {isa = PBXFileReference; fileEncoding = 4; lastKnownFileType = sourcecode.c.objc; path = SBJsonUTF8Stream.m; sourceTree = "<group>"; };
		816EC62015573FAF00802A32 /* SBJsonWriter.h */ = {isa = PBXFileReference; fileEncoding = 4; lastKnownFileType = sourcecode.c.h; path = SBJsonWriter.h; sourceTree = "<group>"; };
		816EC62115573FAF00802A32 /* SBJsonWriter.m */ = {isa = PBXFileReference; fileEncoding = 4; lastKnownFileType = sourcecode.c.objc; path = SBJsonWriter.m; sourceTree = "<group>"; };
		816EC62315573FAF00802A32 /* README.md */ = {isa = PBXFileReference; fileEncoding = 4; lastKnownFileType = text; path = README.md; sourceTree = "<group>"; };
		816EC62415573FAF00802A32 /* SMWebRequest.h */ = {isa = PBXFileReference; fileEncoding = 4; lastKnownFileType = sourcecode.c.h; path = SMWebRequest.h; sourceTree = "<group>"; };
		816EC62515573FAF00802A32 /* SMWebRequest.m */ = {isa = PBXFileReference; fileEncoding = 4; lastKnownFileType = sourcecode.c.objc; path = SMWebRequest.m; sourceTree = "<group>"; };
		81A7C92115570D2600CCBA85 /* Local_Texture__Three_by_One_by_Beyond_Oddities.jpg */ = {isa = PBXFileReference; lastKnownFileType = image.jpeg; name = Local_Texture__Three_by_One_by_Beyond_Oddities.jpg; path = ../Local_Texture__Three_by_One_by_Beyond_Oddities.jpg; sourceTree = "<group>"; };
		81A7C92615570E0D00CCBA85 /* keg.png */ = {isa = PBXFileReference; lastKnownFileType = image.png; name = keg.png; path = ../keg.png; sourceTree = "<group>"; };
		81A7C92815570EF900CCBA85 /* dalespaleale.jpg */ = {isa = PBXFileReference; lastKnownFileType = image.jpeg; name = dalespaleale.jpg; path = ../dalespaleale.jpg; sourceTree = "<group>"; };
		81A7C92915570EF900CCBA85 /* tbr-london-pride.jpg */ = {isa = PBXFileReference; lastKnownFileType = image.jpeg; name = "tbr-london-pride.jpg"; path = "../tbr-london-pride.jpg"; sourceTree = "<group>"; };
		81A7C92C155710F400CCBA85 /* thermometer.jpg */ = {isa = PBXFileReference; lastKnownFileType = image.jpeg; name = thermometer.jpg; path = ../thermometer.jpg; sourceTree = "<group>"; };
		81D1C6341569EC73002134DD /* TempLeftPopupViewController.h */ = {isa = PBXFileReference; fileEncoding = 4; lastKnownFileType = sourcecode.c.h; path = TempLeftPopupViewController.h; sourceTree = "<group>"; };
		81D1C6351569EC73002134DD /* TempLeftPopupViewController.m */ = {isa = PBXFileReference; fileEncoding = 4; lastKnownFileType = sourcecode.c.objc; path = TempLeftPopupViewController.m; sourceTree = "<group>"; };
		81D1C6371569ED29002134DD /* TempRightPopupViewController.h */ = {isa = PBXFileReference; fileEncoding = 4; lastKnownFileType = sourcecode.c.h; path = TempRightPopupViewController.h; sourceTree = "<group>"; };
		81D1C6381569ED29002134DD /* TempRightPopupViewController.m */ = {isa = PBXFileReference; fileEncoding = 4; lastKnownFileType = sourcecode.c.objc; path = TempRightPopupViewController.m; sourceTree = "<group>"; };
		81D1C63A1569F125002134DD /* AdminPageViewController.h */ = {isa = PBXFileReference; fileEncoding = 4; path = AdminPageViewController.h; sourceTree = "<group>"; };
		81D1C63B1569F125002134DD /* AdminPageViewController.m */ = {isa = PBXFileReference; fileEncoding = 4; lastKnownFileType = sourcecode.c.objc; path = AdminPageViewController.m; sourceTree = "<group>"; };
		81F42EE61557162A00A8ACC2 /* note_paper.gif */ = {isa = PBXFileReference; lastKnownFileType = image.gif; name = note_paper.gif; path = ../note_paper.gif; sourceTree = "<group>"; };
/* End PBXFileReference section */

/* Begin PBXFrameworksBuildPhase section */
		811CE7AB14834A8800DAFE84 /* Frameworks */ = {
			isa = PBXFrameworksBuildPhase;
			buildActionMask = 2147483647;
			files = (
				811CE7B314834A8800DAFE84 /* UIKit.framework in Frameworks */,
				811CE7B514834A8800DAFE84 /* Foundation.framework in Frameworks */,
				811CE7B714834A8800DAFE84 /* CoreGraphics.framework in Frameworks */,
			);
			runOnlyForDeploymentPostprocessing = 0;
		};
		811CE7CB14834A8900DAFE84 /* Frameworks */ = {
			isa = PBXFrameworksBuildPhase;
			buildActionMask = 2147483647;
			files = (
				811CE7D114834A8900DAFE84 /* SenTestingKit.framework in Frameworks */,
				811CE7D214834A8900DAFE84 /* UIKit.framework in Frameworks */,
				811CE7D314834A8900DAFE84 /* Foundation.framework in Frameworks */,
			);
			runOnlyForDeploymentPostprocessing = 0;
		};
/* End PBXFrameworksBuildPhase section */

/* Begin PBXGroup section */
		811CE7A314834A8800DAFE84 = {
			isa = PBXGroup;
			children = (
				811CE7B814834A8800DAFE84 /* ATkeg */,
				811CE7D614834A8900DAFE84 /* ATkegTests */,
				811CE7B114834A8800DAFE84 /* Frameworks */,
				811CE7AF14834A8800DAFE84 /* Products */,
			);
			sourceTree = "<group>";
		};
		811CE7AF14834A8800DAFE84 /* Products */ = {
			isa = PBXGroup;
			children = (
				811CE7AE14834A8800DAFE84 /* ATkeg.app */,
				811CE7CF14834A8900DAFE84 /* ATkegTests.octest */,
			);
			name = Products;
			sourceTree = "<group>";
		};
		811CE7B114834A8800DAFE84 /* Frameworks */ = {
			isa = PBXGroup;
			children = (
				811CE7B214834A8800DAFE84 /* UIKit.framework */,
				811CE7B414834A8800DAFE84 /* Foundation.framework */,
				811CE7B614834A8800DAFE84 /* CoreGraphics.framework */,
				811CE7D014834A8900DAFE84 /* SenTestingKit.framework */,
			);
			name = Frameworks;
			sourceTree = "<group>";
		};
		811CE7B814834A8800DAFE84 /* ATkeg */ = {
			isa = PBXGroup;
			children = (
				811CE7C114834A8800DAFE84 /* AppDelegate.h */,
				811CE7C214834A8800DAFE84 /* AppDelegate.m */,
				811CE7C414834A8800DAFE84 /* MainStoryboard.storyboard */,
				811CE7C714834A8800DAFE84 /* MainViewController.h */,
				811CE7C814834A8800DAFE84 /* MainViewController.m */,
				81D1C6341569EC73002134DD /* TempLeftPopupViewController.h */,
				81D1C6351569EC73002134DD /* TempLeftPopupViewController.m */,
				81D1C6371569ED29002134DD /* TempRightPopupViewController.h */,
				81D1C6381569ED29002134DD /* TempRightPopupViewController.m */,
				81D1C63A1569F125002134DD /* AdminPageViewController.h */,
				81D1C63B1569F125002134DD /* AdminPageViewController.m */,
				816EC60815573FAF00802A32 /* SBJson */,
				816EC62215573FAF00802A32 /* SMWebRequest */,
				811CE7B914834A8800DAFE84 /* Supporting Files */,
				816EC60615571D8700802A32 /* images */,
			);
			path = ATkeg;
			sourceTree = "<group>";
		};
		811CE7B914834A8800DAFE84 /* Supporting Files */ = {
			isa = PBXGroup;
			children = (
				811CE7BA14834A8800DAFE84 /* ATkeg-Info.plist */,
				811CE7BB14834A8800DAFE84 /* InfoPlist.strings */,
				811CE7BE14834A8800DAFE84 /* main.m */,
				811CE7C014834A8800DAFE84 /* ATkeg-Prefix.pch */,
			);
			name = "Supporting Files";
			sourceTree = "<group>";
		};
		811CE7D614834A8900DAFE84 /* ATkegTests */ = {
			isa = PBXGroup;
			children = (
				811CE7DC14834A8900DAFE84 /* ATkegTests.h */,
				811CE7DD14834A8900DAFE84 /* ATkegTests.m */,
				811CE7D714834A8900DAFE84 /* Supporting Files */,
			);
			path = ATkegTests;
			sourceTree = "<group>";
		};
		811CE7D714834A8900DAFE84 /* Supporting Files */ = {
			isa = PBXGroup;
			children = (
				811CE7D814834A8900DAFE84 /* ATkegTests-Info.plist */,
				811CE7D914834A8900DAFE84 /* InfoPlist.strings */,
			);
			name = "Supporting Files";
			sourceTree = "<group>";
		};
		816EC60615571D8700802A32 /* images */ = {
			isa = PBXGroup;
			children = (
				81261A611493D1100025C443 /* Default-Portrait~ipad.png */,
				81261A5F1493D10E0025C443 /* Default-Landscape~ipad.png */,
				81A7C92115570D2600CCBA85 /* Local_Texture__Three_by_One_by_Beyond_Oddities.jpg */,
				81261A5C1493D0310025C443 /* beer_icon.png */,
				81A7C92815570EF900CCBA85 /* dalespaleale.jpg */,
				81A7C92915570EF900CCBA85 /* tbr-london-pride.jpg */,
				81A7C92C155710F400CCBA85 /* thermometer.jpg */,
				81A7C92615570E0D00CCBA85 /* keg.png */,
				81F42EE61557162A00A8ACC2 /* note_paper.gif */,
				811CE7E7148351A400DAFE84 /* beer.jpg */,
			);
			name = images;
			sourceTree = "<group>";
		};
		816EC60815573FAF00802A32 /* SBJson */ = {
			isa = PBXGroup;
			children = (
				816EC60915573FAF00802A32 /* NSObject+SBJson.h */,
				816EC60A15573FAF00802A32 /* NSObject+SBJson.m */,
				816EC60B15573FAF00802A32 /* SBJson.h */,
				816EC60C15573FAF00802A32 /* SBJsonParser.h */,
				816EC60D15573FAF00802A32 /* SBJsonParser.m */,
				816EC60E15573FAF00802A32 /* SBJsonStreamParser.h */,
				816EC60F15573FAF00802A32 /* SBJsonStreamParser.m */,
				816EC61015573FAF00802A32 /* SBJsonStreamParserAccumulator.h */,
				816EC61115573FAF00802A32 /* SBJsonStreamParserAccumulator.m */,
				816EC61215573FAF00802A32 /* SBJsonStreamParserAdapter.h */,
				816EC61315573FAF00802A32 /* SBJsonStreamParserAdapter.m */,
				816EC61415573FAF00802A32 /* SBJsonStreamParserState.h */,
				816EC61515573FAF00802A32 /* SBJsonStreamParserState.m */,
				816EC61615573FAF00802A32 /* SBJsonStreamWriter.h */,
				816EC61715573FAF00802A32 /* SBJsonStreamWriter.m */,
				816EC61815573FAF00802A32 /* SBJsonStreamWriterAccumulator.h */,
				816EC61915573FAF00802A32 /* SBJsonStreamWriterAccumulator.m */,
				816EC61A15573FAF00802A32 /* SBJsonStreamWriterState.h */,
				816EC61B15573FAF00802A32 /* SBJsonStreamWriterState.m */,
				816EC61C15573FAF00802A32 /* SBJsonTokeniser.h */,
				816EC61D15573FAF00802A32 /* SBJsonTokeniser.m */,
				816EC61E15573FAF00802A32 /* SBJsonUTF8Stream.h */,
				816EC61F15573FAF00802A32 /* SBJsonUTF8Stream.m */,
				816EC62015573FAF00802A32 /* SBJsonWriter.h */,
				816EC62115573FAF00802A32 /* SBJsonWriter.m */,
			);
			path = SBJson;
			sourceTree = "<group>";
		};
		816EC62215573FAF00802A32 /* SMWebRequest */ = {
			isa = PBXGroup;
			children = (
				816EC62315573FAF00802A32 /* README.md */,
				816EC62415573FAF00802A32 /* SMWebRequest.h */,
				816EC62515573FAF00802A32 /* SMWebRequest.m */,
			);
			path = SMWebRequest;
			sourceTree = "<group>";
		};
/* End PBXGroup section */

/* Begin PBXNativeTarget section */
		811CE7AD14834A8800DAFE84 /* ATkeg */ = {
			isa = PBXNativeTarget;
			buildConfigurationList = 811CE7E114834A8900DAFE84 /* Build configuration list for PBXNativeTarget "ATkeg" */;
			buildPhases = (
				811CE7AA14834A8800DAFE84 /* Sources */,
				811CE7AB14834A8800DAFE84 /* Frameworks */,
				811CE7AC14834A8800DAFE84 /* Resources */,
			);
			buildRules = (
			);
			dependencies = (
			);
			name = ATkeg;
			productName = ATkeg;
			productReference = 811CE7AE14834A8800DAFE84 /* ATkeg.app */;
			productType = "com.apple.product-type.application";
		};
		811CE7CE14834A8900DAFE84 /* ATkegTests */ = {
			isa = PBXNativeTarget;
			buildConfigurationList = 811CE7E414834A8900DAFE84 /* Build configuration list for PBXNativeTarget "ATkegTests" */;
			buildPhases = (
				811CE7CA14834A8900DAFE84 /* Sources */,
				811CE7CB14834A8900DAFE84 /* Frameworks */,
				811CE7CC14834A8900DAFE84 /* Resources */,
				811CE7CD14834A8900DAFE84 /* ShellScript */,
			);
			buildRules = (
			);
			dependencies = (
				811CE7D514834A8900DAFE84 /* PBXTargetDependency */,
			);
			name = ATkegTests;
			productName = ATkegTests;
			productReference = 811CE7CF14834A8900DAFE84 /* ATkegTests.octest */;
			productType = "com.apple.product-type.bundle";
		};
/* End PBXNativeTarget section */

/* Begin PBXProject section */
		811CE7A514834A8800DAFE84 /* Project object */ = {
			isa = PBXProject;
			attributes = {
				LastUpgradeCheck = 0420;
			};
			buildConfigurationList = 811CE7A814834A8800DAFE84 /* Build configuration list for PBXProject "ATkeg" */;
			compatibilityVersion = "Xcode 3.2";
			developmentRegion = English;
			hasScannedForEncodings = 0;
			knownRegions = (
				en,
			);
			mainGroup = 811CE7A314834A8800DAFE84;
			productRefGroup = 811CE7AF14834A8800DAFE84 /* Products */;
			projectDirPath = "";
			projectRoot = "";
			targets = (
				811CE7AD14834A8800DAFE84 /* ATkeg */,
				811CE7CE14834A8900DAFE84 /* ATkegTests */,
			);
		};
/* End PBXProject section */

/* Begin PBXResourcesBuildPhase section */
		811CE7AC14834A8800DAFE84 /* Resources */ = {
			isa = PBXResourcesBuildPhase;
			buildActionMask = 2147483647;
			files = (
				811CE7BD14834A8800DAFE84 /* InfoPlist.strings in Resources */,
				811CE7C614834A8800DAFE84 /* MainStoryboard.storyboard in Resources */,
				811CE7E8148351A400DAFE84 /* beer.jpg in Resources */,
				81261A5D1493D0310025C443 /* beer_icon.png in Resources */,
				81261A631493D1BD0025C443 /* Default-Landscape~ipad.png in Resources */,
				81261A641493D1C30025C443 /* Default-Portrait~ipad.png in Resources */,
				81A7C92215570D2600CCBA85 /* Local_Texture__Three_by_One_by_Beyond_Oddities.jpg in Resources */,
				81A7C92715570E0D00CCBA85 /* keg.png in Resources */,
				81A7C92A15570EF900CCBA85 /* dalespaleale.jpg in Resources */,
				81A7C92B15570EF900CCBA85 /* tbr-london-pride.jpg in Resources */,
				81A7C92D155710F400CCBA85 /* thermometer.jpg in Resources */,
				81F42EE71557162A00A8ACC2 /* note_paper.gif in Resources */,
				816EC63215573FAF00802A32 /* README.md in Resources */,
			);
			runOnlyForDeploymentPostprocessing = 0;
		};
		811CE7CC14834A8900DAFE84 /* Resources */ = {
			isa = PBXResourcesBuildPhase;
			buildActionMask = 2147483647;
			files = (
				811CE7DB14834A8900DAFE84 /* InfoPlist.strings in Resources */,
			);
			runOnlyForDeploymentPostprocessing = 0;
		};
/* End PBXResourcesBuildPhase section */

/* Begin PBXShellScriptBuildPhase section */
		811CE7CD14834A8900DAFE84 /* ShellScript */ = {
			isa = PBXShellScriptBuildPhase;
			buildActionMask = 2147483647;
			files = (
			);
			inputPaths = (
			);
			outputPaths = (
			);
			runOnlyForDeploymentPostprocessing = 0;
			shellPath = /bin/sh;
			shellScript = "# Run the unit tests in this test bundle.\n\"${SYSTEM_DEVELOPER_DIR}/Tools/RunUnitTests\"\n";
		};
/* End PBXShellScriptBuildPhase section */

/* Begin PBXSourcesBuildPhase section */
		811CE7AA14834A8800DAFE84 /* Sources */ = {
			isa = PBXSourcesBuildPhase;
			buildActionMask = 2147483647;
			files = (
				811CE7BF14834A8800DAFE84 /* main.m in Sources */,
				811CE7C314834A8800DAFE84 /* AppDelegate.m in Sources */,
				811CE7C914834A8800DAFE84 /* MainViewController.m in Sources */,
				816EC62615573FAF00802A32 /* NSObject+SBJson.m in Sources */,
				816EC62715573FAF00802A32 /* SBJsonParser.m in Sources */,
				816EC62815573FAF00802A32 /* SBJsonStreamParser.m in Sources */,
				816EC62915573FAF00802A32 /* SBJsonStreamParserAccumulator.m in Sources */,
				816EC62A15573FAF00802A32 /* SBJsonStreamParserAdapter.m in Sources */,
				816EC62B15573FAF00802A32 /* SBJsonStreamParserState.m in Sources */,
				816EC62C15573FAF00802A32 /* SBJsonStreamWriter.m in Sources */,
				816EC62D15573FAF00802A32 /* SBJsonStreamWriterAccumulator.m in Sources */,
				816EC62E15573FAF00802A32 /* SBJsonStreamWriterState.m in Sources */,
				816EC62F15573FAF00802A32 /* SBJsonTokeniser.m in Sources */,
				816EC63015573FAF00802A32 /* SBJsonUTF8Stream.m in Sources */,
				816EC63115573FAF00802A32 /* SBJsonWriter.m in Sources */,
				816EC63315573FAF00802A32 /* SMWebRequest.m in Sources */,
				81D1C6361569EC73002134DD /* TempLeftPopupViewController.m in Sources */,
				81D1C6391569ED29002134DD /* TempRightPopupViewController.m in Sources */,
				81D1C63C1569F125002134DD /* AdminPageViewController.m in Sources */,
			);
			runOnlyForDeploymentPostprocessing = 0;
		};
		811CE7CA14834A8900DAFE84 /* Sources */ = {
			isa = PBXSourcesBuildPhase;
			buildActionMask = 2147483647;
			files = (
				811CE7DE14834A8900DAFE84 /* ATkegTests.m in Sources */,
			);
			runOnlyForDeploymentPostprocessing = 0;
		};
/* End PBXSourcesBuildPhase section */

/* Begin PBXTargetDependency section */
		811CE7D514834A8900DAFE84 /* PBXTargetDependency */ = {
			isa = PBXTargetDependency;
			target = 811CE7AD14834A8800DAFE84 /* ATkeg */;
			targetProxy = 811CE7D414834A8900DAFE84 /* PBXContainerItemProxy */;
		};
/* End PBXTargetDependency section */

/* Begin PBXVariantGroup section */
		811CE7BB14834A8800DAFE84 /* InfoPlist.strings */ = {
			isa = PBXVariantGroup;
			children = (
				811CE7BC14834A8800DAFE84 /* en */,
			);
			name = InfoPlist.strings;
			sourceTree = "<group>";
		};
		811CE7C414834A8800DAFE84 /* MainStoryboard.storyboard */ = {
			isa = PBXVariantGroup;
			children = (
				811CE7C514834A8800DAFE84 /* en */,
			);
			name = MainStoryboard.storyboard;
			sourceTree = "<group>";
		};
		811CE7D914834A8900DAFE84 /* InfoPlist.strings */ = {
			isa = PBXVariantGroup;
			children = (
				811CE7DA14834A8900DAFE84 /* en */,
			);
			name = InfoPlist.strings;
			sourceTree = "<group>";
		};
/* End PBXVariantGroup section */

/* Begin XCBuildConfiguration section */
		811CE7DF14834A8900DAFE84 /* Debug */ = {
			isa = XCBuildConfiguration;
			buildSettings = {
				ALWAYS_SEARCH_USER_PATHS = NO;
				ARCHS = "$(ARCHS_STANDARD_32_BIT)";
				CLANG_ENABLE_OBJC_ARC = YES;
				"CODE_SIGN_IDENTITY[sdk=iphoneos*]" = "iPhone Developer";
				COPY_PHASE_STRIP = NO;
				GCC_C_LANGUAGE_STANDARD = gnu99;
				GCC_DYNAMIC_NO_PIC = NO;
				GCC_OPTIMIZATION_LEVEL = 0;
				GCC_PREPROCESSOR_DEFINITIONS = (
					"DEBUG=1",
					"$(inherited)",
				);
				GCC_SYMBOLS_PRIVATE_EXTERN = NO;
				GCC_VERSION = com.apple.compilers.llvm.clang.1_0;
				GCC_WARN_ABOUT_MISSING_PROTOTYPES = YES;
				GCC_WARN_ABOUT_RETURN_TYPE = YES;
				GCC_WARN_UNUSED_VARIABLE = YES;
				IPHONEOS_DEPLOYMENT_TARGET = 5.0;
				SDKROOT = iphoneos;
				TARGETED_DEVICE_FAMILY = 2;
			};
			name = Debug;
		};
		811CE7E014834A8900DAFE84 /* Release */ = {
			isa = XCBuildConfiguration;
			buildSettings = {
				ALWAYS_SEARCH_USER_PATHS = NO;
				ARCHS = "$(ARCHS_STANDARD_32_BIT)";
				CLANG_ENABLE_OBJC_ARC = YES;
				"CODE_SIGN_IDENTITY[sdk=iphoneos*]" = "iPhone Developer";
				COPY_PHASE_STRIP = YES;
				GCC_C_LANGUAGE_STANDARD = gnu99;
				GCC_VERSION = com.apple.compilers.llvm.clang.1_0;
				GCC_WARN_ABOUT_MISSING_PROTOTYPES = YES;
				GCC_WARN_ABOUT_RETURN_TYPE = YES;
				GCC_WARN_UNUSED_VARIABLE = YES;
				IPHONEOS_DEPLOYMENT_TARGET = 5.0;
				OTHER_CFLAGS = "-DNS_BLOCK_ASSERTIONS=1";
				SDKROOT = iphoneos;
				TARGETED_DEVICE_FAMILY = 2;
				VALIDATE_PRODUCT = YES;
			};
			name = Release;
		};
		811CE7E214834A8900DAFE84 /* Debug */ = {
			isa = XCBuildConfiguration;
			buildSettings = {
				GCC_PRECOMPILE_PREFIX_HEADER = YES;
				GCC_PREFIX_HEADER = "ATkeg/ATkeg-Prefix.pch";
				HEADER_SEARCH_PATHS = "${SDK_DIR}/usr/include/libxml2";
				INFOPLIST_FILE = "ATkeg/ATkeg-Info.plist";
				OTHER_LDFLAGS = "-lxml2";
				PRODUCT_NAME = "$(TARGET_NAME)";
				WRAPPER_EXTENSION = app;
			};
			name = Debug;
		};
		811CE7E314834A8900DAFE84 /* Release */ = {
			isa = XCBuildConfiguration;
			buildSettings = {
				GCC_PRECOMPILE_PREFIX_HEADER = YES;
				GCC_PREFIX_HEADER = "ATkeg/ATkeg-Prefix.pch";
				HEADER_SEARCH_PATHS = "${SDK_DIR}/usr/include/libxml2";
				INFOPLIST_FILE = "ATkeg/ATkeg-Info.plist";
				OTHER_LDFLAGS = "-lxml2";
				PRODUCT_NAME = "$(TARGET_NAME)";
				WRAPPER_EXTENSION = app;
			};
			name = Release;
		};
		811CE7E514834A8900DAFE84 /* Debug */ = {
			isa = XCBuildConfiguration;
			buildSettings = {
				BUNDLE_LOADER = "$(BUILT_PRODUCTS_DIR)/ATkeg.app/ATkeg";
				FRAMEWORK_SEARCH_PATHS = (
					"$(SDKROOT)/Developer/Library/Frameworks",
					"$(DEVELOPER_LIBRARY_DIR)/Frameworks",
				);
				GCC_PRECOMPILE_PREFIX_HEADER = YES;
				GCC_PREFIX_HEADER = "ATkeg/ATkeg-Prefix.pch";
				INFOPLIST_FILE = "ATkegTests/ATkegTests-Info.plist";
				PRODUCT_NAME = "$(TARGET_NAME)";
				TEST_HOST = "$(BUNDLE_LOADER)";
				WRAPPER_EXTENSION = octest;
			};
			name = Debug;
		};
		811CE7E614834A8900DAFE84 /* Release */ = {
			isa = XCBuildConfiguration;
			buildSettings = {
				BUNDLE_LOADER = "$(BUILT_PRODUCTS_DIR)/ATkeg.app/ATkeg";
				FRAMEWORK_SEARCH_PATHS = (
					"$(SDKROOT)/Developer/Library/Frameworks",
					"$(DEVELOPER_LIBRARY_DIR)/Frameworks",
				);
				GCC_PRECOMPILE_PREFIX_HEADER = YES;
				GCC_PREFIX_HEADER = "ATkeg/ATkeg-Prefix.pch";
				INFOPLIST_FILE = "ATkegTests/ATkegTests-Info.plist";
				PRODUCT_NAME = "$(TARGET_NAME)";
				TEST_HOST = "$(BUNDLE_LOADER)";
				WRAPPER_EXTENSION = octest;
			};
			name = Release;
		};
/* End XCBuildConfiguration section */

/* Begin XCConfigurationList section */
		811CE7A814834A8800DAFE84 /* Build configuration list for PBXProject "ATkeg" */ = {
			isa = XCConfigurationList;
			buildConfigurations = (
				811CE7DF14834A8900DAFE84 /* Debug */,
				811CE7E014834A8900DAFE84 /* Release */,
			);
			defaultConfigurationIsVisible = 0;
			defaultConfigurationName = Release;
		};
		811CE7E114834A8900DAFE84 /* Build configuration list for PBXNativeTarget "ATkeg" */ = {
			isa = XCConfigurationList;
			buildConfigurations = (
				811CE7E214834A8900DAFE84 /* Debug */,
				811CE7E314834A8900DAFE84 /* Release */,
			);
			defaultConfigurationIsVisible = 0;
			defaultConfigurationName = Release;
		};
		811CE7E414834A8900DAFE84 /* Build configuration list for PBXNativeTarget "ATkegTests" */ = {
			isa = XCConfigurationList;
			buildConfigurations = (
				811CE7E514834A8900DAFE84 /* Debug */,
				811CE7E614834A8900DAFE84 /* Release */,
			);
			defaultConfigurationIsVisible = 0;
			defaultConfigurationName = Release;
		};
/* End XCConfigurationList section */
	};
	rootObject = 811CE7A514834A8800DAFE84 /* Project object */;
}
